
Microsoft Visual Studio Solution File, Format Version 12.00
# Visual Studio Version 16
VisualStudioVersion = 16.0.31025.194
MinimumVisualStudioVersion = 10.0.40219.1
Project("{9A19103F-16F7-4668-BE54-9A1E7A4F7556}") = "YiJingFramework.Painting.Presenting", "YiJingFramework.Painting.Presenting\YiJingFramework.Painting.Presenting.csproj", "{469E8531-9B35-469F-9D0A-85E3A2342541}"
EndProject
Project("{FAE04EC0-301F-11D3-BF4B-00C04F79EFBC}") = "HexagramTableGenerator", "HexagramTableGenerator\HexagramTableGenerator.csproj", "{01601343-81C7-4140-9B71-A74AAE032F3C}"
EndProject
Project("{2150E333-8FDC-42A3-9474-1A3956D46DE8}") = "Solution Items", "Solution Items", "{D864316F-3D6D-4ECD-8FFD-995B8997A60D}"
	ProjectSection(SolutionItems) = preProject
		.editorconfig = .editorconfig
	EndProjectSection
EndProject
Project("{FAE04EC0-301F-11D3-BF4B-00C04F79EFBC}") = "YiJingFramework.Painting.PresentingTests", "YiJingFramework.Painting.PresentingTests\YiJingFramework.Painting.PresentingTests.csproj", "{16798EC2-E442-4FB8-9AD2-B905E20BB749}"
EndProject
Project("{FAE04EC0-301F-11D3-BF4B-00C04F79EFBC}") = "Examples", "Examples\Examples.csproj", "{BA5BAB49-D2F5-4CF5-91FF-F3FE5AD7C6D5}"
EndProject
Global
	GlobalSection(SolutionConfigurationPlatforms) = preSolution
		Debug|Any CPU = Debug|Any CPU
		Release|Any CPU = Release|Any CPU
	EndGlobalSection
	GlobalSection(ProjectConfigurationPlatforms) = postSolution
		{469E8531-9B35-469F-9D0A-85E3A2342541}.Debug|Any CPU.ActiveCfg = Debug|Any CPU
		{469E8531-9B35-469F-9D0A-85E3A2342541}.Debug|Any CPU.Build.0 = Debug|Any CPU
		{469E8531-9B35-469F-9D0A-85E3A2342541}.Release|Any CPU.ActiveCfg = Release|Any CPU
		{469E8531-9B35-469F-9D0A-85E3A2342541}.Release|Any CPU.Build.0 = Release|Any CPU
		{01601343-81C7-4140-9B71-A74AAE032F3C}.Debug|Any CPU.ActiveCfg = Debug|Any CPU
		{01601343-81C7-4140-9B71-A74AAE032F3C}.Debug|Any CPU.Build.0 = Debug|Any CPU
		{01601343-81C7-4140-9B71-A74AAE032F3C}.Release|Any CPU.ActiveCfg = Release|Any CPU
		{01601343-81C7-4140-9B71-A74AAE032F3C}.Release|Any CPU.Build.0 = Release|Any CPU
		{16798EC2-E442-4FB8-9AD2-B905E20BB749}.Debug|Any CPU.ActiveCfg = Debug|Any CPU
		{16798EC2-E442-4FB8-9AD2-B905E20BB749}.Debug|Any CPU.Build.0 = Debug|Any CPU
		{16798EC2-E442-4FB8-9AD2-B905E20BB749}.Release|Any CPU.ActiveCfg = Release|Any CPU
		{16798EC2-E442-4FB8-9AD2-B905E20BB749}.Release|Any CPU.Build.0 = Release|Any CPU
		{BA5BAB49-D2F5-4CF5-91FF-F3FE5AD7C6D5}.Debug|Any CPU.ActiveCfg = Debug|Any CPU
		{BA5BAB49-D2F5-4CF5-91FF-F3FE5AD7C6D5}.Debug|Any CPU.Build.0 = Debug|Any CPU
		{BA5BAB49-D2F5-4CF5-91FF-F3FE5AD7C6D5}.Release|Any CPU.ActiveCfg = Release|Any CPU
		{BA5BAB49-D2F5-4CF5-91FF-F3FE5AD7C6D5}.Release|Any CPU.Build.0 = Release|Any CPU
	EndGlobalSection
	GlobalSection(SolutionProperties) = preSolution
		HideSolutionNode = FALSE
	EndGlobalSection
	GlobalSection(ExtensibilityGlobals) = postSolution
		SolutionGuid = {A34E5D81-4D06-40B0-95FD-CE4544A34B8F}
	EndGlobalSection
EndGlobal
